<Solution>
  <Folder Name="/src/">
    <Project Path="src/Ingest.Api/Ingest.Api.csproj" />
    <Project Path="src/Ingest.AppHost/Ingest.AppHost.csproj" />
    <Project Path="src/Ingest.Core/Ingest.Core.csproj" />
    <Project Path="src/Ingest.Infrastructure/Ingest.Infrastructure.csproj" />
    <Project Path="src/Ingest.ServiceDefaults/Ingest.ServiceDefaults.csproj" />
  </Folder>
  <Folder Name="/tests/">
    <Project Path="tests/Ingest.IntegrationTests/Ingest.IntegrationTests.csproj" />
    <Project Path="tests/Ingest.Tests/Ingest.Tests.csproj" />
  </Folder>
</Solution>
